{
  "nodes": {
    "crane": {
      "inputs": {
        "flake-compat": "flake-compat",
        "flake-utils": "flake-utils",
        "nixpkgs": [
          "nekowinston-nur",
          "nixpkgs"
        ],
        "rust-overlay": "rust-overlay"
      },
      "locked": {
        "lastModified": 1676846788,
        "narHash": "sha256-XLsHLgXyMdliMeAXuzdGP+TXBaV44kG1RPTUHNOs6Jk=",
        "owner": "ipetkov",
        "repo": "crane",
        "rev": "953b70da2813fb882c39890f2514e7db76fc8843",
        "type": "github"
      },
      "original": {
        "owner": "ipetkov",
        "ref": "v0.11.3",
        "repo": "crane",
        "type": "github"
      }
    },
    "darwin": {
      "inputs": {
        "nixpkgs": [
          "nixpkgs"
        ]
      },
      "locked": {
        "lastModified": 1687290953,
        "narHash": "sha256-PF0VGsuLxozDPLEGajGnb5usoO1v7YzzqOcG6k4ndQ4=",
        "owner": "lnl7",
        "repo": "nix-darwin",
        "rev": "ed275afbbaad9b0670e2aeac3ae542595255d604",
        "type": "github"
      },
      "original": {
        "owner": "lnl7",
        "repo": "nix-darwin",
        "type": "github"
      }
    },
    "flake-compat": {
      "flake": false,
      "locked": {
        "lastModified": 1673956053,
        "narHash": "sha256-4gtG9iQuiKITOjNQQeQIpoIB6b16fm+504Ch3sNKLd8=",
        "owner": "edolstra",
        "repo": "flake-compat",
        "rev": "35bb57c0c8d8b62bbfd284272c928ceb64ddbde9",
        "type": "github"
      },
      "original": {
        "owner": "edolstra",
        "repo": "flake-compat",
        "type": "github"
      }
    },
    "flake-utils": {
      "locked": {
        "lastModified": 1676283394,
        "narHash": "sha256-XX2f9c3iySLCw54rJ/CZs+ZK6IQy7GXNY4nSOyu2QG4=",
        "owner": "numtide",
        "repo": "flake-utils",
        "rev": "3db36a8b464d0c4532ba1c7dda728f4576d6d073",
        "type": "github"
      },
      "original": {
        "owner": "numtide",
        "repo": "flake-utils",
        "type": "github"
      }
    },
    "home-manager": {
      "inputs": {
        "nixpkgs": [
          "nixpkgs"
        ]
      },
      "locked": {
        "lastModified": 1687184995,
        "narHash": "sha256-aCsa6q6k42g0i2SYHOUZI8xpvKTpCtOmATkzfmo9kA0=",
        "owner": "nix-community",
        "repo": "home-manager",
        "rev": "6bdd72b914fc3472be807bc9b427650b49808a94",
        "type": "github"
      },
      "original": {
        "owner": "nix-community",
        "repo": "home-manager",
        "type": "github"
      }
    },
    "nekowinston-nur": {
      "inputs": {
        "crane": "crane",
        "nixpkgs": "nixpkgs",
        "wezterm-src": "wezterm-src"
      },
      "locked": {
        "lastModified": 1687289711,
        "narHash": "sha256-lau4A4yYjAeIfO8gq9kmKxAPo1NNs+y/K2RjwrpvZeY=",
        "owner": "nekowinston",
        "repo": "nur",
        "rev": "bc328db30722e0e06558b8ba4c548268b31e4bf0",
        "type": "github"
      },
      "original": {
        "owner": "nekowinston",
        "repo": "nur",
        "type": "github"
      }
    },
    "nixpkgs": {
      "locked": {
        "lastModified": 1687130670,
        "narHash": "sha256-VKTdfsJe7sVTTqxTd3eRGPoUgEeJKD+kwS86B6TY874=",
        "owner": "NixOS",
        "repo": "nixpkgs",
        "rev": "c1bca7fe84c646cfd4ebf3482c0e6317a0b13f22",
        "type": "github"
      },
      "original": {
        "owner": "NixOS",
        "ref": "nixpkgs-unstable",
        "repo": "nixpkgs",
        "type": "github"
      }
    },
    "nixpkgs_2": {
      "locked": {
        "lastModified": 1686960236,
        "narHash": "sha256-AYCC9rXNLpUWzD9hm+askOfpliLEC9kwAo7ITJc4HIw=",
        "owner": "nixos",
        "repo": "nixpkgs",
        "rev": "04af42f3b31dba0ef742d254456dc4c14eedac86",
        "type": "github"
      },
      "original": {
        "owner": "nixos",
        "ref": "nixos-unstable",
        "repo": "nixpkgs",
        "type": "github"
      }
    },
    "nur": {
      "locked": {
        "lastModified": 1687291945,
        "narHash": "sha256-wurtV8cWN5nkmnP6YvN/kjvb70Umm3Ska346Epf780I=",
        "owner": "nix-community",
        "repo": "NUR",
        "rev": "1899d2c346f8b87a7ef57b6f59e02924b96ceeba",
        "type": "github"
      },
      "original": {
        "id": "nur",
        "type": "indirect"
      }
    },
    "root": {
      "inputs": {
        "darwin": "darwin",
        "home-manager": "home-manager",
        "nekowinston-nur": "nekowinston-nur",
        "nixpkgs": "nixpkgs_2",
        "nur": "nur"
      }
    },
    "rust-overlay": {
      "inputs": {
        "flake-utils": [
          "nekowinston-nur",
          "crane",
          "flake-utils"
        ],
        "nixpkgs": [
          "nekowinston-nur",
          "crane",
          "nixpkgs"
        ]
      },
      "locked": {
        "lastModified": 1676437770,
        "narHash": "sha256-mhJye91Bn0jJIE7NnEywGty/U5qdELfsT8S+FBjTdG4=",
        "owner": "oxalica",
        "repo": "rust-overlay",
        "rev": "a619538647bd03e3ee1d7b947f7c11ff289b376e",
        "type": "github"
      },
      "original": {
        "owner": "oxalica",
        "repo": "rust-overlay",
        "type": "github"
      }
    },
    "wezterm-src": {
      "flake": false,
      "locked": {
        "lastModified": 1687196661,
        "narHash": "sha256-r99pbeLLJJe7jRlAUmQ3WFXMM87PaF4fSYd4cV9v8Hg=",
        "ref": "refs/heads/main",
        "rev": "c1f495099ef544eda78546191c0026e88e1fdd62",
        "revCount": 7258,
        "submodules": true,
        "type": "git",
        "url": "https://github.com/wez/wezterm"
      },
      "original": {
        "submodules": true,
        "type": "git",
        "url": "https://github.com/wez/wezterm"
      }
    }
  },
  "root": "root",
  "version": 7
}
